
Microsoft Visual Studio Solution File, Format Version 12.00
Project("{FAE04EC0-301F-11D3-BF4B-00C04F79EFBC}") = "asphyxia", "asphyxia\asphyxia.csproj", "{7E6CD51D-F1E4-4AFE-B7F1-EE557DB24133}"
EndProject
Project("{FAE04EC0-301F-11D3-BF4B-00C04F79EFBC}") = "App", "App\App.csproj", "{FDA788CD-E23B-46D8-9BAF-1CD631DA78B0}"
EndProject
Project("{FAE04EC0-301F-11D3-BF4B-00C04F79EFBC}") = "NatTravel", "NatTravel\NatTravel.csproj", "{28A0EB1F-0DC4-4BA7-9360-E8F2FE114AF1}"
EndProject
Project("{FAE04EC0-301F-11D3-BF4B-00C04F79EFBC}") = "Samples", "Samples\Samples.csproj", "{80B2B8B6-CC6C-48E6-88B9-BABC22A9EDBC}"
EndProject
Project("{FAE04EC0-301F-11D3-BF4B-00C04F79EFBC}") = "asphyxiaNative", "asphyxiaNative\asphyxiaNative.csproj", "{D4A8E9AA-FC64-459B-B81A-6CF86B31AFDC}"
EndProject
Project("{FAE04EC0-301F-11D3-BF4B-00C04F79EFBC}") = "NatTravelNative", "NatTravelNative\NatTravelNative.csproj", "{FB69F4B7-618F-44B5-BA89-95DB394F5EC6}"
EndProject
Project("{FAE04EC0-301F-11D3-BF4B-00C04F79EFBC}") = "AppNative", "AppNative\AppNative.csproj", "{39760E9B-8473-48CB-A87C-B14A44217132}"
EndProject
Project("{FAE04EC0-301F-11D3-BF4B-00C04F79EFBC}") = "SamplesNative", "SamplesNative\SamplesNative.csproj", "{A8DA8C1E-2C42-4FCD-85F7-008792A72C5C}"
EndProject
Global
	GlobalSection(SolutionConfigurationPlatforms) = preSolution
		Debug|Any CPU = Debug|Any CPU
		Release|Any CPU = Release|Any CPU
	EndGlobalSection
	GlobalSection(ProjectConfigurationPlatforms) = postSolution
		{7E6CD51D-F1E4-4AFE-B7F1-EE557DB24133}.Debug|Any CPU.ActiveCfg = Debug|Any CPU
		{7E6CD51D-F1E4-4AFE-B7F1-EE557DB24133}.Debug|Any CPU.Build.0 = Debug|Any CPU
		{7E6CD51D-F1E4-4AFE-B7F1-EE557DB24133}.Release|Any CPU.ActiveCfg = Release|Any CPU
		{7E6CD51D-F1E4-4AFE-B7F1-EE557DB24133}.Release|Any CPU.Build.0 = Release|Any CPU
		{FDA788CD-E23B-46D8-9BAF-1CD631DA78B0}.Debug|Any CPU.ActiveCfg = Debug|Any CPU
		{FDA788CD-E23B-46D8-9BAF-1CD631DA78B0}.Debug|Any CPU.Build.0 = Debug|Any CPU
		{FDA788CD-E23B-46D8-9BAF-1CD631DA78B0}.Release|Any CPU.ActiveCfg = Release|Any CPU
		{FDA788CD-E23B-46D8-9BAF-1CD631DA78B0}.Release|Any CPU.Build.0 = Release|Any CPU
		{28A0EB1F-0DC4-4BA7-9360-E8F2FE114AF1}.Debug|Any CPU.ActiveCfg = Debug|Any CPU
		{28A0EB1F-0DC4-4BA7-9360-E8F2FE114AF1}.Debug|Any CPU.Build.0 = Debug|Any CPU
		{28A0EB1F-0DC4-4BA7-9360-E8F2FE114AF1}.Release|Any CPU.ActiveCfg = Release|Any CPU
		{28A0EB1F-0DC4-4BA7-9360-E8F2FE114AF1}.Release|Any CPU.Build.0 = Release|Any CPU
		{80B2B8B6-CC6C-48E6-88B9-BABC22A9EDBC}.Debug|Any CPU.ActiveCfg = Debug|Any CPU
		{80B2B8B6-CC6C-48E6-88B9-BABC22A9EDBC}.Debug|Any CPU.Build.0 = Debug|Any CPU
		{80B2B8B6-CC6C-48E6-88B9-BABC22A9EDBC}.Release|Any CPU.ActiveCfg = Release|Any CPU
		{80B2B8B6-CC6C-48E6-88B9-BABC22A9EDBC}.Release|Any CPU.Build.0 = Release|Any CPU
		{D4A8E9AA-FC64-459B-B81A-6CF86B31AFDC}.Debug|Any CPU.ActiveCfg = Debug|Any CPU
		{D4A8E9AA-FC64-459B-B81A-6CF86B31AFDC}.Debug|Any CPU.Build.0 = Debug|Any CPU
		{D4A8E9AA-FC64-459B-B81A-6CF86B31AFDC}.Release|Any CPU.ActiveCfg = Release|Any CPU
		{D4A8E9AA-FC64-459B-B81A-6CF86B31AFDC}.Release|Any CPU.Build.0 = Release|Any CPU
		{FB69F4B7-618F-44B5-BA89-95DB394F5EC6}.Debug|Any CPU.ActiveCfg = Debug|Any CPU
		{FB69F4B7-618F-44B5-BA89-95DB394F5EC6}.Debug|Any CPU.Build.0 = Debug|Any CPU
		{FB69F4B7-618F-44B5-BA89-95DB394F5EC6}.Release|Any CPU.ActiveCfg = Release|Any CPU
		{FB69F4B7-618F-44B5-BA89-95DB394F5EC6}.Release|Any CPU.Build.0 = Release|Any CPU
		{39760E9B-8473-48CB-A87C-B14A44217132}.Debug|Any CPU.ActiveCfg = Debug|Any CPU
		{39760E9B-8473-48CB-A87C-B14A44217132}.Debug|Any CPU.Build.0 = Debug|Any CPU
		{39760E9B-8473-48CB-A87C-B14A44217132}.Release|Any CPU.ActiveCfg = Release|Any CPU
		{39760E9B-8473-48CB-A87C-B14A44217132}.Release|Any CPU.Build.0 = Release|Any CPU
		{A8DA8C1E-2C42-4FCD-85F7-008792A72C5C}.Debug|Any CPU.ActiveCfg = Debug|Any CPU
		{A8DA8C1E-2C42-4FCD-85F7-008792A72C5C}.Debug|Any CPU.Build.0 = Debug|Any CPU
		{A8DA8C1E-2C42-4FCD-85F7-008792A72C5C}.Release|Any CPU.ActiveCfg = Release|Any CPU
		{A8DA8C1E-2C42-4FCD-85F7-008792A72C5C}.Release|Any CPU.Build.0 = Release|Any CPU
	EndGlobalSection
EndGlobal
